
Microsoft Visual Studio Solution File, Format Version 12.00
# Visual Studio 15
VisualStudioVersion = 15.0.28010.2016
MinimumVisualStudioVersion = 10.0.40219.1
Project("{FAE04EC0-301F-11D3-BF4B-00C04F79EFBC}") = "MultiMonitorHelper", "MultiMonitorHelper\MultiMonitorHelper.csproj", "{8BC32EA5-B325-47D0-94E7-FD60110393C8}"
EndProject
Project("{FAE04EC0-301F-11D3-BF4B-00C04F79EFBC}") = "ExampleUsages", "ExampleUsages\ExampleUsages.csproj", "{2C085BB0-CFFE-4BC8-863D-2BE395D59678}"
EndProject
Project("{FAE04EC0-301F-11D3-BF4B-00C04F79EFBC}") = "WinRotate", "Winotate\WinRotate.csproj", "{0FACC5CE-8F25-49F4-B506-2254E620B896}"
EndProject
Global
	GlobalSection(SolutionConfigurationPlatforms) = preSolution
		Debug|Any CPU = Debug|Any CPU
		Debug|Mixed Platforms = Debug|Mixed Platforms
		Debug|x86 = Debug|x86
		Release|Any CPU = Release|Any CPU
		Release|Mixed Platforms = Release|Mixed Platforms
		Release|x86 = Release|x86
	EndGlobalSection
	GlobalSection(ProjectConfigurationPlatforms) = postSolution
		{8BC32EA5-B325-47D0-94E7-FD60110393C8}.Debug|Any CPU.ActiveCfg = Debug|Any CPU
		{8BC32EA5-B325-47D0-94E7-FD60110393C8}.Debug|Any CPU.Build.0 = Debug|Any CPU
		{8BC32EA5-B325-47D0-94E7-FD60110393C8}.Debug|Mixed Platforms.ActiveCfg = Debug|Any CPU
		{8BC32EA5-B325-47D0-94E7-FD60110393C8}.Debug|Mixed Platforms.Build.0 = Debug|Any CPU
		{8BC32EA5-B325-47D0-94E7-FD60110393C8}.Debug|x86.ActiveCfg = Debug|Any CPU
		{8BC32EA5-B325-47D0-94E7-FD60110393C8}.Release|Any CPU.ActiveCfg = Release|Any CPU
		{8BC32EA5-B325-47D0-94E7-FD60110393C8}.Release|Any CPU.Build.0 = Release|Any CPU
		{8BC32EA5-B325-47D0-94E7-FD60110393C8}.Release|Mixed Platforms.ActiveCfg = Release|Any CPU
		{8BC32EA5-B325-47D0-94E7-FD60110393C8}.Release|Mixed Platforms.Build.0 = Release|Any CPU
		{8BC32EA5-B325-47D0-94E7-FD60110393C8}.Release|x86.ActiveCfg = Release|Any CPU
		{2C085BB0-CFFE-4BC8-863D-2BE395D59678}.Debug|Any CPU.ActiveCfg = Debug|x86
		{2C085BB0-CFFE-4BC8-863D-2BE395D59678}.Debug|Mixed Platforms.ActiveCfg = Debug|x86
		{2C085BB0-CFFE-4BC8-863D-2BE395D59678}.Debug|Mixed Platforms.Build.0 = Debug|x86
		{2C085BB0-CFFE-4BC8-863D-2BE395D59678}.Debug|x86.ActiveCfg = Debug|x86
		{2C085BB0-CFFE-4BC8-863D-2BE395D59678}.Debug|x86.Build.0 = Debug|x86
		{2C085BB0-CFFE-4BC8-863D-2BE395D59678}.Release|Any CPU.ActiveCfg = Release|x86
		{2C085BB0-CFFE-4BC8-863D-2BE395D59678}.Release|Mixed Platforms.ActiveCfg = Release|x86
		{2C085BB0-CFFE-4BC8-863D-2BE395D59678}.Release|Mixed Platforms.Build.0 = Release|x86
		{2C085BB0-CFFE-4BC8-863D-2BE395D59678}.Release|x86.ActiveCfg = Release|x86
		{2C085BB0-CFFE-4BC8-863D-2BE395D59678}.Release|x86.Build.0 = Release|x86
		{0FACC5CE-8F25-49F4-B506-2254E620B896}.Debug|Any CPU.ActiveCfg = Debug|Any CPU
		{0FACC5CE-8F25-49F4-B506-2254E620B896}.Debug|Any CPU.Build.0 = Debug|Any CPU
		{0FACC5CE-8F25-49F4-B506-2254E620B896}.Debug|Mixed Platforms.ActiveCfg = Debug|Any CPU
		{0FACC5CE-8F25-49F4-B506-2254E620B896}.Debug|Mixed Platforms.Build.0 = Debug|Any CPU
		{0FACC5CE-8F25-49F4-B506-2254E620B896}.Debug|x86.ActiveCfg = Debug|Any CPU
		{0FACC5CE-8F25-49F4-B506-2254E620B896}.Debug|x86.Build.0 = Debug|Any CPU
		{0FACC5CE-8F25-49F4-B506-2254E620B896}.Release|Any CPU.ActiveCfg = Release|Any CPU
		{0FACC5CE-8F25-49F4-B506-2254E620B896}.Release|Any CPU.Build.0 = Release|Any CPU
		{0FACC5CE-8F25-49F4-B506-2254E620B896}.Release|Mixed Platforms.ActiveCfg = Release|Any CPU
		{0FACC5CE-8F25-49F4-B506-2254E620B896}.Release|Mixed Platforms.Build.0 = Release|Any CPU
		{0FACC5CE-8F25-49F4-B506-2254E620B896}.Release|x86.ActiveCfg = Release|Any CPU
		{0FACC5CE-8F25-49F4-B506-2254E620B896}.Release|x86.Build.0 = Release|Any CPU
	EndGlobalSection
	GlobalSection(SolutionProperties) = preSolution
		HideSolutionNode = FALSE
	EndGlobalSection
	GlobalSection(ExtensibilityGlobals) = postSolution
		SolutionGuid = {12A2BD7D-51B3-4A57-B245-FC7670DF3304}
	EndGlobalSection
EndGlobal
